
Microsoft Visual Studio Solution File, Format Version 12.00
# Visual Studio Version 16
VisualStudioVersion = 16.0.31105.61
MinimumVisualStudioVersion = 10.0.40219.1
Project("{FAE04EC0-301F-11D3-BF4B-00C04F79EFBC}") = "SMO_Randomizer", "SMO_Randomizer\SMO_Randomizer.csproj", "{22954A5E-51F6-4BA7-AEE9-67CBEB0783F9}"
EndProject
Global
	GlobalSection(SolutionConfigurationPlatforms) = preSolution
		Debug|Any CPU = Debug|Any CPU
		Release|Any CPU = Release|Any CPU
	EndGlobalSection
	GlobalSection(ProjectConfigurationPlatforms) = postSolution
		{22954A5E-51F6-4BA7-AEE9-67CBEB0783F9}.Debug|Any CPU.ActiveCfg = Debug|Any CPU
		{22954A5E-51F6-4BA7-AEE9-67CBEB0783F9}.Debug|Any CPU.Build.0 = Debug|Any CPU
		{22954A5E-51F6-4BA7-AEE9-67CBEB0783F9}.Release|Any CPU.ActiveCfg = Release|Any CPU
		{22954A5E-51F6-4BA7-AEE9-67CBEB0783F9}.Release|Any CPU.Build.0 = Release|Any CPU
	EndGlobalSection
	GlobalSection(SolutionProperties) = preSolution
		HideSolutionNode = FALSE
	EndGlobalSection
	GlobalSection(ExtensibilityGlobals) = postSolution
		SolutionGuid = {B52A50C9-E331-480D-B0A2-2728BC11B243}
	EndGlobalSection
EndGlobal
